
Microsoft Visual Studio Solution File, Format Version 12.00
# Visual Studio Version 17
VisualStudioVersion = 17.7.34009.444
MinimumVisualStudioVersion = 10.0.40219.1
Project("{FAE04EC0-301F-11D3-BF4B-00C04F79EFBC}") = "ApiPhotoExpress", "ApiPhotoExpress\ApiPhotoExpress.csproj", "{E4C84442-06D9-40AE-B5D5-74E6E2BBE062}"
EndProject
Global
	GlobalSection(SolutionConfigurationPlatforms) = preSolution
		Debug|Any CPU = Debug|Any CPU
		Release|Any CPU = Release|Any CPU
	EndGlobalSection
	GlobalSection(ProjectConfigurationPlatforms) = postSolution
		{E4C84442-06D9-40AE-B5D5-74E6E2BBE062}.Debug|Any CPU.ActiveCfg = Debug|Any CPU
		{E4C84442-06D9-40AE-B5D5-74E6E2BBE062}.Debug|Any CPU.Build.0 = Debug|Any CPU
		{E4C84442-06D9-40AE-B5D5-74E6E2BBE062}.Release|Any CPU.ActiveCfg = Release|Any CPU
		{E4C84442-06D9-40AE-B5D5-74E6E2BBE062}.Release|Any CPU.Build.0 = Release|Any CPU
	EndGlobalSection
	GlobalSection(SolutionProperties) = preSolution
		HideSolutionNode = FALSE
	EndGlobalSection
	GlobalSection(ExtensibilityGlobals) = postSolution
		SolutionGuid = {BF4049CF-448A-481E-9259-74A0F4E8C3D0}
	EndGlobalSection
EndGlobal
